
Microsoft Visual Studio Solution File, Format Version 12.00
# Visual Studio Version 17
VisualStudioVersion = 17.8.34316.72
MinimumVisualStudioVersion = 10.0.40219.1
Project("{FAE04EC0-301F-11D3-BF4B-00C04F79EFBC}") = "AddressBookTest", "AddressBookTest\AddressBookTest.csproj", "{B85822B0-6E5E-4174-80D5-9AF8A2990267}"
EndProject
Global
	GlobalSection(SolutionConfigurationPlatforms) = preSolution
		Debug|Any CPU = Debug|Any CPU
		Release|Any CPU = Release|Any CPU
	EndGlobalSection
	GlobalSection(ProjectConfigurationPlatforms) = postSolution
		{B85822B0-6E5E-4174-80D5-9AF8A2990267}.Debug|Any CPU.ActiveCfg = Debug|Any CPU
		{B85822B0-6E5E-4174-80D5-9AF8A2990267}.Debug|Any CPU.Build.0 = Debug|Any CPU
		{B85822B0-6E5E-4174-80D5-9AF8A2990267}.Release|Any CPU.ActiveCfg = Release|Any CPU
		{B85822B0-6E5E-4174-80D5-9AF8A2990267}.Release|Any CPU.Build.0 = Release|Any CPU
	EndGlobalSection
	GlobalSection(SolutionProperties) = preSolution
		HideSolutionNode = FALSE
	EndGlobalSection
	GlobalSection(ExtensibilityGlobals) = postSolution
		SolutionGuid = {4E3FC916-9837-4BCA-97FA-D59E25B6422E}
	EndGlobalSection
EndGlobal
